
Microsoft Visual Studio Solution File, Format Version 12.00
# Visual Studio Version 16
VisualStudioVersion = 16.0.29613.14
MinimumVisualStudioVersion = 10.0.40219.1
Project("{FAE04EC0-301F-11D3-BF4B-00C04F79EFBC}") = "Training", "Training\Training.csproj", "{C4313758-F5B1-49A4-AB3A-BD40BA90001E}"
EndProject
Global
	GlobalSection(SolutionConfigurationPlatforms) = preSolution
		Debug|Any CPU = Debug|Any CPU
		Release|Any CPU = Release|Any CPU
	EndGlobalSection
	GlobalSection(ProjectConfigurationPlatforms) = postSolution
		{C4313758-F5B1-49A4-AB3A-BD40BA90001E}.Debug|Any CPU.ActiveCfg = Debug|Any CPU
		{C4313758-F5B1-49A4-AB3A-BD40BA90001E}.Debug|Any CPU.Build.0 = Debug|Any CPU
		{C4313758-F5B1-49A4-AB3A-BD40BA90001E}.Release|Any CPU.ActiveCfg = Release|Any CPU
		{C4313758-F5B1-49A4-AB3A-BD40BA90001E}.Release|Any CPU.Build.0 = Release|Any CPU
	EndGlobalSection
	GlobalSection(SolutionProperties) = preSolution
		HideSolutionNode = FALSE
	EndGlobalSection
	GlobalSection(ExtensibilityGlobals) = postSolution
		SolutionGuid = {DF35202E-4C2D-4A01-9409-D8C87E4595F0}
	EndGlobalSection
EndGlobal
